// !$*UTF8*$!
{
	archiveVersion = 1;
	classes = {
	};
	objectVersion = 48;
	objects = {

/* Begin PBXBuildFile section */
		6656086B1FCF5CA000DC7916 /* Dynosoar.h in Headers */ = {isa = PBXBuildFile; fileRef = 665608691FCF5CA000DC7916 /* Dynosoar.h */; settings = {ATTRIBUTES = (Public, ); }; };
		6656086C1FCF5CA000DC7916 /* Dynosoar.m in Sources */ = {isa = PBXBuildFile; fileRef = 6656086A1FCF5CA000DC7916 /* Dynosoar.m */; };
		665608731FCF5D4800DC7916 /* DynoBundle.h in Headers */ = {isa = PBXBuildFile; fileRef = 665608711FCF5D4800DC7916 /* DynoBundle.h */; };
		665608741FCF5D4800DC7916 /* DynoBundle.m in Sources */ = {isa = PBXBuildFile; fileRef = 665608721FCF5D4800DC7916 /* DynoBundle.m */; };
		6656087E1FCF5F3600DC7916 /* JavaScriptNativeRuntime.h in Headers */ = {isa = PBXBuildFile; fileRef = 6656087C1FCF5F3600DC7916 /* JavaScriptNativeRuntime.h */; settings = {ATTRIBUTES = (Public, ); }; };
		665608841FCF5F7D00DC7916 /* JSNRContext.h in Headers */ = {isa = PBXBuildFile; fileRef = 665608821FCF5F7D00DC7916 /* JSNRContext.h */; };
		665608851FCF5F7D00DC7916 /* JSNRContext.mm in Sources */ = {isa = PBXBuildFile; fileRef = 665608831FCF5F7D00DC7916 /* JSNRContext.mm */; };
		665608891FCF5FED00DC7916 /* JavaScriptNativeRuntime.framework in Frameworks */ = {isa = PBXBuildFile; fileRef = 6656087A1FCF5F3600DC7916 /* JavaScriptNativeRuntime.framework */; };
		665608921FCF613C00DC7916 /* AppDelegate.mm in Sources */ = {isa = PBXBuildFile; fileRef = 665608911FCF613C00DC7916 /* AppDelegate.mm */; };
		665608941FCF613C00DC7916 /* Assets.xcassets in Resources */ = {isa = PBXBuildFile; fileRef = 665608931FCF613C00DC7916 /* Assets.xcassets */; };
		665608971FCF613C00DC7916 /* MainMenu.xib in Resources */ = {isa = PBXBuildFile; fileRef = 665608951FCF613C00DC7916 /* MainMenu.xib */; };
		6656089A1FCF613C00DC7916 /* main.m in Sources */ = {isa = PBXBuildFile; fileRef = 665608991FCF613C00DC7916 /* main.m */; };
		665608A11FCF616300DC7916 /* JavaScriptNativeRuntime.framework in Frameworks */ = {isa = PBXBuildFile; fileRef = 6656087A1FCF5F3600DC7916 /* JavaScriptNativeRuntime.framework */; };
		665608A31FCF678400DC7916 /* test.js in Resources */ = {isa = PBXBuildFile; fileRef = 665608A21FCF678400DC7916 /* test.js */; };
		665608A61FCF6C6300DC7916 /* JSNRClassMap.h in Headers */ = {isa = PBXBuildFile; fileRef = 665608A41FCF6C6300DC7916 /* JSNRClassMap.h */; };
		665608A71FCF6C6300DC7916 /* JSNRClassMap.mm in Sources */ = {isa = PBXBuildFile; fileRef = 665608A51FCF6C6300DC7916 /* JSNRClassMap.mm */; };
		665608AA1FD087D000DC7916 /* JSNRObjectiveClass.mm in Sources */ = {isa = PBXBuildFile; fileRef = 665608A81FD087D000DC7916 /* JSNRObjectiveClass.mm */; };
		665608AB1FD087D000DC7916 /* JSNRObjectiveClass.h in Headers */ = {isa = PBXBuildFile; fileRef = 665608A91FD087D000DC7916 /* JSNRObjectiveClass.h */; };
		665608AE1FD0D70900DC7916 /* JSNRObjCClass.mm in Sources */ = {isa = PBXBuildFile; fileRef = 665608AC1FD0D70900DC7916 /* JSNRObjCClass.mm */; };
		665608AF1FD0D70900DC7916 /* JSNRObjCClass.h in Headers */ = {isa = PBXBuildFile; fileRef = 665608AD1FD0D70900DC7916 /* JSNRObjCClass.h */; };
		665608B21FD0DB9500DC7916 /* Utility.mm in Sources */ = {isa = PBXBuildFile; fileRef = 665608B01FD0DB9500DC7916 /* Utility.mm */; };
		665608B31FD0DB9500DC7916 /* Ultility.h in Headers */ = {isa = PBXBuildFile; fileRef = 665608B11FD0DB9500DC7916 /* Ultility.h */; };
		665608B61FD21F5C00DC7916 /* Value.mm in Sources */ = {isa = PBXBuildFile; fileRef = 665608B41FD21F5C00DC7916 /* Value.mm */; };
		665608B71FD21F5C00DC7916 /* JSNRValue.h in Headers */ = {isa = PBXBuildFile; fileRef = 665608B51FD21F5C00DC7916 /* JSNRValue.h */; };
		665608BA1FD226E400DC7916 /* BaseClass.mm in Sources */ = {isa = PBXBuildFile; fileRef = 665608B81FD226E400DC7916 /* BaseClass.mm */; };
		665608BB1FD226E400DC7916 /* BaseClass.h in Headers */ = {isa = PBXBuildFile; fileRef = 665608B91FD226E400DC7916 /* BaseClass.h */; };
		665608BE1FD2281E00DC7916 /* String.mm in Sources */ = {isa = PBXBuildFile; fileRef = 665608BC1FD2281E00DC7916 /* String.mm */; };
		665608BF1FD2281E00DC7916 /* JSNRString.h in Headers */ = {isa = PBXBuildFile; fileRef = 665608BD1FD2281E00DC7916 /* JSNRString.h */; };
		665608C11FD2444F00DC7916 /* JavaScriptCore.framework in Frameworks */ = {isa = PBXBuildFile; fileRef = 665608C01FD2443F00DC7916 /* JavaScriptCore.framework */; };
		665608C41FD249EE00DC7916 /* ExampleSubclass.mm in Sources */ = {isa = PBXBuildFile; fileRef = 665608C21FD249EE00DC7916 /* ExampleSubclass.mm */; };
		665608C51FD249EE00DC7916 /* ExampleSubclass.h in Headers */ = {isa = PBXBuildFile; fileRef = 665608C31FD249EE00DC7916 /* ExampleSubclass.h */; };
/* End PBXBuildFile section */

/* Begin PBXContainerItemProxy section */
		665608861FCF5FE900DC7916 /* PBXContainerItemProxy */ = {
			isa = PBXContainerItemProxy;
			containerPortal = 665608551FCF5C7000DC7916 /* Project object */;
			proxyType = 1;
			remoteGlobalIDString = 665608791FCF5F3600DC7916;
			remoteInfo = JavaScriptNativeRuntime;
		};
		6656089F1FCF615D00DC7916 /* PBXContainerItemProxy */ = {
			isa = PBXContainerItemProxy;
			containerPortal = 665608551FCF5C7000DC7916 /* Project object */;
			proxyType = 1;
			remoteGlobalIDString = 665608791FCF5F3600DC7916;
			remoteInfo = JavaScriptNativeRuntime;
		};
/* End PBXContainerItemProxy section */

/* Begin PBXFileReference section */
		6656085E1FCF5C7000DC7916 /* Dynosoar.framework */ = {isa = PBXFileReference; explicitFileType = wrapper.framework; includeInIndex = 0; path = Dynosoar.framework; sourceTree = BUILT_PRODUCTS_DIR; };
		665608621FCF5C7000DC7916 /* Info.plist */ = {isa = PBXFileReference; lastKnownFileType = text.plist.xml; path = Info.plist; sourceTree = "<group>"; };
		665608691FCF5CA000DC7916 /* Dynosoar.h */ = {isa = PBXFileReference; lastKnownFileType = sourcecode.c.h; path = Dynosoar.h; sourceTree = SOURCE_ROOT; };
		6656086A1FCF5CA000DC7916 /* Dynosoar.m */ = {isa = PBXFileReference; lastKnownFileType = sourcecode.c.objc; path = Dynosoar.m; sourceTree = "<group>"; };
		665608711FCF5D4800DC7916 /* DynoBundle.h */ = {isa = PBXFileReference; lastKnownFileType = sourcecode.c.h; path = DynoBundle.h; sourceTree = "<group>"; };
		665608721FCF5D4800DC7916 /* DynoBundle.m */ = {isa = PBXFileReference; lastKnownFileType = sourcecode.c.objc; path = DynoBundle.m; sourceTree = "<group>"; };
		6656087A1FCF5F3600DC7916 /* JavaScriptNativeRuntime.framework */ = {isa = PBXFileReference; explicitFileType = wrapper.framework; includeInIndex = 0; path = JavaScriptNativeRuntime.framework; sourceTree = BUILT_PRODUCTS_DIR; };
		6656087C1FCF5F3600DC7916 /* JavaScriptNativeRuntime.h */ = {isa = PBXFileReference; lastKnownFileType = sourcecode.c.h; path = JavaScriptNativeRuntime.h; sourceTree = "<group>"; };
		6656087D1FCF5F3600DC7916 /* Info.plist */ = {isa = PBXFileReference; lastKnownFileType = text.plist.xml; path = Info.plist; sourceTree = "<group>"; };
		665608821FCF5F7D00DC7916 /* JSNRContext.h */ = {isa = PBXFileReference; lastKnownFileType = sourcecode.c.h; path = JSNRContext.h; sourceTree = "<group>"; };
		665608831FCF5F7D00DC7916 /* JSNRContext.mm */ = {isa = PBXFileReference; lastKnownFileType = sourcecode.cpp.objcpp; path = JSNRContext.mm; sourceTree = "<group>"; };
		6656088E1FCF613C00DC7916 /* JSNRExample.app */ = {isa = PBXFileReference; explicitFileType = wrapper.application; includeInIndex = 0; path = JSNRExample.app; sourceTree = BUILT_PRODUCTS_DIR; };
		665608901FCF613C00DC7916 /* AppDelegate.h */ = {isa = PBXFileReference; lastKnownFileType = sourcecode.c.h; path = AppDelegate.h; sourceTree = "<group>"; };
		665608911FCF613C00DC7916 /* AppDelegate.mm */ = {isa = PBXFileReference; lastKnownFileType = sourcecode.cpp.objcpp; path = AppDelegate.mm; sourceTree = "<group>"; };
		665608931FCF613C00DC7916 /* Assets.xcassets */ = {isa = PBXFileReference; lastKnownFileType = folder.assetcatalog; path = Assets.xcassets; sourceTree = "<group>"; };
		665608961FCF613C00DC7916 /* Base */ = {isa = PBXFileReference; lastKnownFileType = file.xib; name = Base; path = Base.lproj/MainMenu.xib; sourceTree = "<group>"; };
		665608981FCF613C00DC7916 /* Info.plist */ = {isa = PBXFileReference; lastKnownFileType = text.plist.xml; path = Info.plist; sourceTree = "<group>"; };
		665608991FCF613C00DC7916 /* main.m */ = {isa = PBXFileReference; lastKnownFileType = sourcecode.c.objc; path = main.m; sourceTree = "<group>"; };
		6656089B1FCF613C00DC7916 /* JSNRExample.entitlements */ = {isa = PBXFileReference; lastKnownFileType = text.plist.entitlements; path = JSNRExample.entitlements; sourceTree = "<group>"; };
		665608A21FCF678400DC7916 /* test.js */ = {isa = PBXFileReference; lastKnownFileType = sourcecode.javascript; path = test.js; sourceTree = "<group>"; };
		665608A41FCF6C6300DC7916 /* JSNRClassMap.h */ = {isa = PBXFileReference; lastKnownFileType = sourcecode.c.h; path = JSNRClassMap.h; sourceTree = "<group>"; };
		665608A51FCF6C6300DC7916 /* JSNRClassMap.mm */ = {isa = PBXFileReference; lastKnownFileType = sourcecode.cpp.objcpp; path = JSNRClassMap.mm; sourceTree = "<group>"; };
		665608A81FD087D000DC7916 /* JSNRObjectiveClass.mm */ = {isa = PBXFileReference; lastKnownFileType = sourcecode.cpp.objcpp; path = JSNRObjectiveClass.mm; sourceTree = "<group>"; };
		665608A91FD087D000DC7916 /* JSNRObjectiveClass.h */ = {isa = PBXFileReference; lastKnownFileType = sourcecode.c.h; path = JSNRObjectiveClass.h; sourceTree = "<group>"; };
		665608AC1FD0D70900DC7916 /* JSNRObjCClass.mm */ = {isa = PBXFileReference; lastKnownFileType = sourcecode.cpp.objcpp; path = JSNRObjCClass.mm; sourceTree = "<group>"; };
		665608AD1FD0D70900DC7916 /* JSNRObjCClass.h */ = {isa = PBXFileReference; lastKnownFileType = sourcecode.c.h; path = JSNRObjCClass.h; sourceTree = "<group>"; };
		665608B01FD0DB9500DC7916 /* Utility.mm */ = {isa = PBXFileReference; lastKnownFileType = sourcecode.cpp.objcpp; path = Utility.mm; sourceTree = "<group>"; };
		665608B11FD0DB9500DC7916 /* Ultility.h */ = {isa = PBXFileReference; lastKnownFileType = sourcecode.c.h; path = Ultility.h; sourceTree = "<group>"; };
		665608B41FD21F5C00DC7916 /* Value.mm */ = {isa = PBXFileReference; lastKnownFileType = sourcecode.cpp.objcpp; path = Value.mm; sourceTree = "<group>"; };
		665608B51FD21F5C00DC7916 /* JSNRValue.h */ = {isa = PBXFileReference; lastKnownFileType = sourcecode.c.h; path = JSNRValue.h; sourceTree = "<group>"; };
		665608B81FD226E400DC7916 /* BaseClass.mm */ = {isa = PBXFileReference; lastKnownFileType = sourcecode.cpp.objcpp; path = BaseClass.mm; sourceTree = "<group>"; };
		665608B91FD226E400DC7916 /* BaseClass.h */ = {isa = PBXFileReference; lastKnownFileType = sourcecode.c.h; path = BaseClass.h; sourceTree = "<group>"; };
		665608BC1FD2281E00DC7916 /* String.mm */ = {isa = PBXFileReference; lastKnownFileType = sourcecode.cpp.objcpp; path = String.mm; sourceTree = "<group>"; };
		665608BD1FD2281E00DC7916 /* JSNRString.h */ = {isa = PBXFileReference; lastKnownFileType = sourcecode.c.h; path = JSNRString.h; sourceTree = "<group>"; };
		665608C01FD2443F00DC7916 /* JavaScriptCore.framework */ = {isa = PBXFileReference; lastKnownFileType = wrapper.framework; name = JavaScriptCore.framework; path = System/Library/Frameworks/JavaScriptCore.framework; sourceTree = SDKROOT; };
		665608C21FD249EE00DC7916 /* ExampleSubclass.mm */ = {isa = PBXFileReference; lastKnownFileType = sourcecode.cpp.objcpp; path = ExampleSubclass.mm; sourceTree = "<group>"; };
		665608C31FD249EE00DC7916 /* ExampleSubclass.h */ = {isa = PBXFileReference; lastKnownFileType = sourcecode.c.h; path = ExampleSubclass.h; sourceTree = "<group>"; };
		665608C61FD256EC00DC7916 /* JSNRInternal.h */ = {isa = PBXFileReference; lastKnownFileType = sourcecode.c.h; path = JSNRInternal.h; sourceTree = "<group>"; };
		66D79CC41FD3030B00B297E0 /* JSNRCCallback.h */ = {isa = PBXFileReference; lastKnownFileType = sourcecode.c.h; path = JSNRCCallback.h; sourceTree = "<group>"; };
/* End PBXFileReference section */

/* Begin PBXFrameworksBuildPhase section */
		6656085A1FCF5C7000DC7916 /* Frameworks */ = {
			isa = PBXFrameworksBuildPhase;
			buildActionMask = 2147483647;
			files = (
				665608891FCF5FED00DC7916 /* JavaScriptNativeRuntime.framework in Frameworks */,
			);
			runOnlyForDeploymentPostprocessing = 0;
		};
		665608761FCF5F3600DC7916 /* Frameworks */ = {
			isa = PBXFrameworksBuildPhase;
			buildActionMask = 2147483647;
			files = (
				665608C11FD2444F00DC7916 /* JavaScriptCore.framework in Frameworks */,
			);
			runOnlyForDeploymentPostprocessing = 0;
		};
		6656088B1FCF613C00DC7916 /* Frameworks */ = {
			isa = PBXFrameworksBuildPhase;
			buildActionMask = 2147483647;
			files = (
				665608A11FCF616300DC7916 /* JavaScriptNativeRuntime.framework in Frameworks */,
			);
			runOnlyForDeploymentPostprocessing = 0;
		};
/* End PBXFrameworksBuildPhase section */

/* Begin PBXGroup section */
		665608541FCF5C7000DC7916 = {
			isa = PBXGroup;
			children = (
				665608711FCF5D4800DC7916 /* DynoBundle.h */,
				665608721FCF5D4800DC7916 /* DynoBundle.m */,
				665608601FCF5C7000DC7916 /* Dynosoar */,
				6656087B1FCF5F3600DC7916 /* JavaScriptNativeRuntime */,
				6656088F1FCF613C00DC7916 /* JSNRExample */,
				6656085F1FCF5C7000DC7916 /* Products */,
				665608881FCF5FED00DC7916 /* Frameworks */,
			);
			sourceTree = "<group>";
		};
		6656085F1FCF5C7000DC7916 /* Products */ = {
			isa = PBXGroup;
			children = (
				6656085E1FCF5C7000DC7916 /* Dynosoar.framework */,
				6656087A1FCF5F3600DC7916 /* JavaScriptNativeRuntime.framework */,
				6656088E1FCF613C00DC7916 /* JSNRExample.app */,
			);
			name = Products;
			sourceTree = "<group>";
		};
		665608601FCF5C7000DC7916 /* Dynosoar */ = {
			isa = PBXGroup;
			children = (
				665608691FCF5CA000DC7916 /* Dynosoar.h */,
				6656086A1FCF5CA000DC7916 /* Dynosoar.m */,
				665608621FCF5C7000DC7916 /* Info.plist */,
			);
			path = Dynosoar;
			sourceTree = "<group>";
		};
		6656087B1FCF5F3600DC7916 /* JavaScriptNativeRuntime */ = {
			isa = PBXGroup;
			children = (
				6656087C1FCF5F3600DC7916 /* JavaScriptNativeRuntime.h */,
				665608C61FD256EC00DC7916 /* JSNRInternal.h */,
				6656087D1FCF5F3600DC7916 /* Info.plist */,
				665608821FCF5F7D00DC7916 /* JSNRContext.h */,
				665608831FCF5F7D00DC7916 /* JSNRContext.mm */,
				665608AD1FD0D70900DC7916 /* JSNRObjCClass.h */,
				665608AC1FD0D70900DC7916 /* JSNRObjCClass.mm */,
				665608BD1FD2281E00DC7916 /* JSNRString.h */,
				665608BC1FD2281E00DC7916 /* String.mm */,
				66D79CC41FD3030B00B297E0 /* JSNRCCallback.h */,
				665608B91FD226E400DC7916 /* BaseClass.h */,
				665608B81FD226E400DC7916 /* BaseClass.mm */,
				665608C31FD249EE00DC7916 /* ExampleSubclass.h */,
				665608C21FD249EE00DC7916 /* ExampleSubclass.mm */,
				665608B51FD21F5C00DC7916 /* JSNRValue.h */,
				665608B41FD21F5C00DC7916 /* Value.mm */,
				665608B11FD0DB9500DC7916 /* Ultility.h */,
				665608B01FD0DB9500DC7916 /* Utility.mm */,
				665608A91FD087D000DC7916 /* JSNRObjectiveClass.h */,
				665608A81FD087D000DC7916 /* JSNRObjectiveClass.mm */,
				665608A41FCF6C6300DC7916 /* JSNRClassMap.h */,
				665608A51FCF6C6300DC7916 /* JSNRClassMap.mm */,
			);
			path = JavaScriptNativeRuntime;
			sourceTree = "<group>";
		};
		665608881FCF5FED00DC7916 /* Frameworks */ = {
			isa = PBXGroup;
			children = (
				665608C01FD2443F00DC7916 /* JavaScriptCore.framework */,
			);
			name = Frameworks;
			sourceTree = "<group>";
		};
		6656088F1FCF613C00DC7916 /* JSNRExample */ = {
			isa = PBXGroup;
			children = (
				665608901FCF613C00DC7916 /* AppDelegate.h */,
				665608911FCF613C00DC7916 /* AppDelegate.mm */,
				665608A21FCF678400DC7916 /* test.js */,
				665608931FCF613C00DC7916 /* Assets.xcassets */,
				665608951FCF613C00DC7916 /* MainMenu.xib */,
				665608981FCF613C00DC7916 /* Info.plist */,
				665608991FCF613C00DC7916 /* main.m */,
				6656089B1FCF613C00DC7916 /* JSNRExample.entitlements */,
			);
			path = JSNRExample;
			sourceTree = "<group>";
		};
/* End PBXGroup section */

/* Begin PBXHeadersBuildPhase section */
		6656085B1FCF5C7000DC7916 /* Headers */ = {
			isa = PBXHeadersBuildPhase;
			buildActionMask = 2147483647;
			files = (
				665608731FCF5D4800DC7916 /* DynoBundle.h in Headers */,
				6656086B1FCF5CA000DC7916 /* Dynosoar.h in Headers */,
			);
			runOnlyForDeploymentPostprocessing = 0;
		};
		665608771FCF5F3600DC7916 /* Headers */ = {
			isa = PBXHeadersBuildPhase;
			buildActionMask = 2147483647;
			files = (
				665608AB1FD087D000DC7916 /* JSNRObjectiveClass.h in Headers */,
				665608AF1FD0D70900DC7916 /* JSNRObjCClass.h in Headers */,
				665608B31FD0DB9500DC7916 /* Ultility.h in Headers */,
				665608B71FD21F5C00DC7916 /* JSNRValue.h in Headers */,
				665608C51FD249EE00DC7916 /* ExampleSubclass.h in Headers */,
				6656087E1FCF5F3600DC7916 /* JavaScriptNativeRuntime.h in Headers */,
				665608BB1FD226E400DC7916 /* BaseClass.h in Headers */,
				665608BF1FD2281E00DC7916 /* JSNRString.h in Headers */,
				665608841FCF5F7D00DC7916 /* JSNRContext.h in Headers */,
				665608A61FCF6C6300DC7916 /* JSNRClassMap.h in Headers */,
			);
			runOnlyForDeploymentPostprocessing = 0;
		};
/* End PBXHeadersBuildPhase section */

/* Begin PBXNativeTarget section */
		6656085D1FCF5C7000DC7916 /* Dynosoar */ = {
			isa = PBXNativeTarget;
			buildConfigurationList = 665608661FCF5C7000DC7916 /* Build configuration list for PBXNativeTarget "Dynosoar" */;
			buildPhases = (
				665608591FCF5C7000DC7916 /* Sources */,
				6656085A1FCF5C7000DC7916 /* Frameworks */,
				6656085B1FCF5C7000DC7916 /* Headers */,
				6656085C1FCF5C7000DC7916 /* Resources */,
			);
			buildRules = (
			);
			dependencies = (
				665608871FCF5FE900DC7916 /* PBXTargetDependency */,
			);
			name = Dynosoar;
			productName = Dynosoar;
			productReference = 6656085E1FCF5C7000DC7916 /* Dynosoar.framework */;
			productType = "com.apple.product-type.framework";
		};
		665608791FCF5F3600DC7916 /* JavaScriptNativeRuntime */ = {
			isa = PBXNativeTarget;
			buildConfigurationList = 6656087F1FCF5F3600DC7916 /* Build configuration list for PBXNativeTarget "JavaScriptNativeRuntime" */;
			buildPhases = (
				665608751FCF5F3600DC7916 /* Sources */,
				665608761FCF5F3600DC7916 /* Frameworks */,
				665608771FCF5F3600DC7916 /* Headers */,
				665608781FCF5F3600DC7916 /* Resources */,
			);
			buildRules = (
			);
			dependencies = (
			);
			name = JavaScriptNativeRuntime;
			productName = JavaScriptNativeRuntime;
			productReference = 6656087A1FCF5F3600DC7916 /* JavaScriptNativeRuntime.framework */;
			productType = "com.apple.product-type.framework";
		};
		6656088D1FCF613C00DC7916 /* JSNRExample */ = {
			isa = PBXNativeTarget;
			buildConfigurationList = 6656089C1FCF613C00DC7916 /* Build configuration list for PBXNativeTarget "JSNRExample" */;
			buildPhases = (
				6656088A1FCF613C00DC7916 /* Sources */,
				6656088B1FCF613C00DC7916 /* Frameworks */,
				6656088C1FCF613C00DC7916 /* Resources */,
			);
			buildRules = (
			);
			dependencies = (
				665608A01FCF615D00DC7916 /* PBXTargetDependency */,
			);
			name = JSNRExample;
			productName = JSNRExample;
			productReference = 6656088E1FCF613C00DC7916 /* JSNRExample.app */;
			productType = "com.apple.product-type.application";
		};
/* End PBXNativeTarget section */

/* Begin PBXProject section */
		665608551FCF5C7000DC7916 /* Project object */ = {
			isa = PBXProject;
			attributes = {
				LastUpgradeCheck = 0910;
				ORGANIZATIONNAME = "Bailey Seymour";
				TargetAttributes = {
					6656085D1FCF5C7000DC7916 = {
						CreatedOnToolsVersion = 9.1;
						ProvisioningStyle = Automatic;
					};
					665608791FCF5F3600DC7916 = {
						CreatedOnToolsVersion = 9.1;
						ProvisioningStyle = Automatic;
					};
					6656088D1FCF613C00DC7916 = {
						CreatedOnToolsVersion = 9.1;
						ProvisioningStyle = Automatic;
						SystemCapabilities = {
							com.apple.Sandbox = {
								enabled = 0;
							};
						};
					};
				};
			};
			buildConfigurationList = 665608581FCF5C7000DC7916 /* Build configuration list for PBXProject "Dynosoar" */;
			compatibilityVersion = "Xcode 8.0";
			developmentRegion = en;
			hasScannedForEncodings = 0;
			knownRegions = (
				en,
				Base,
			);
			mainGroup = 665608541FCF5C7000DC7916;
			productRefGroup = 6656085F1FCF5C7000DC7916 /* Products */;
			projectDirPath = "";
			projectRoot = "";
			targets = (
				6656085D1FCF5C7000DC7916 /* Dynosoar */,
				665608791FCF5F3600DC7916 /* JavaScriptNativeRuntime */,
				6656088D1FCF613C00DC7916 /* JSNRExample */,
			);
		};
/* End PBXProject section */

/* Begin PBXResourcesBuildPhase section */
		6656085C1FCF5C7000DC7916 /* Resources */ = {
			isa = PBXResourcesBuildPhase;
			buildActionMask = 2147483647;
			files = (
			);
			runOnlyForDeploymentPostprocessing = 0;
		};
		665608781FCF5F3600DC7916 /* Resources */ = {
			isa = PBXResourcesBuildPhase;
			buildActionMask = 2147483647;
			files = (
			);
			runOnlyForDeploymentPostprocessing = 0;
		};
		6656088C1FCF613C00DC7916 /* Resources */ = {
			isa = PBXResourcesBuildPhase;
			buildActionMask = 2147483647;
			files = (
				665608A31FCF678400DC7916 /* test.js in Resources */,
				665608941FCF613C00DC7916 /* Assets.xcassets in Resources */,
				665608971FCF613C00DC7916 /* MainMenu.xib in Resources */,
			);
			runOnlyForDeploymentPostprocessing = 0;
		};
/* End PBXResourcesBuildPhase section */

/* Begin PBXSourcesBuildPhase section */
		665608591FCF5C7000DC7916 /* Sources */ = {
			isa = PBXSourcesBuildPhase;
			buildActionMask = 2147483647;
			files = (
				6656086C1FCF5CA000DC7916 /* Dynosoar.m in Sources */,
				665608741FCF5D4800DC7916 /* DynoBundle.m in Sources */,
			);
			runOnlyForDeploymentPostprocessing = 0;
		};
		665608751FCF5F3600DC7916 /* Sources */ = {
			isa = PBXSourcesBuildPhase;
			buildActionMask = 2147483647;
			files = (
				665608B61FD21F5C00DC7916 /* Value.mm in Sources */,
				665608851FCF5F7D00DC7916 /* JSNRContext.mm in Sources */,
				665608A71FCF6C6300DC7916 /* JSNRClassMap.mm in Sources */,
				665608BE1FD2281E00DC7916 /* String.mm in Sources */,
				665608AA1FD087D000DC7916 /* JSNRObjectiveClass.mm in Sources */,
				665608C41FD249EE00DC7916 /* ExampleSubclass.mm in Sources */,
				665608B21FD0DB9500DC7916 /* Utility.mm in Sources */,
				665608BA1FD226E400DC7916 /* BaseClass.mm in Sources */,
				665608AE1FD0D70900DC7916 /* JSNRObjCClass.mm in Sources */,
			);
			runOnlyForDeploymentPostprocessing = 0;
		};
		6656088A1FCF613C00DC7916 /* Sources */ = {
			isa = PBXSourcesBuildPhase;
			buildActionMask = 2147483647;
			files = (
				6656089A1FCF613C00DC7916 /* main.m in Sources */,
				665608921FCF613C00DC7916 /* AppDelegate.mm in Sources */,
			);
			runOnlyForDeploymentPostprocessing = 0;
		};
/* End PBXSourcesBuildPhase section */

/* Begin PBXTargetDependency section */
		665608871FCF5FE900DC7916 /* PBXTargetDependency */ = {
			isa = PBXTargetDependency;
			target = 665608791FCF5F3600DC7916 /* JavaScriptNativeRuntime */;
			targetProxy = 665608861FCF5FE900DC7916 /* PBXContainerItemProxy */;
		};
		665608A01FCF615D00DC7916 /* PBXTargetDependency */ = {
			isa = PBXTargetDependency;
			target = 665608791FCF5F3600DC7916 /* JavaScriptNativeRuntime */;
			targetProxy = 6656089F1FCF615D00DC7916 /* PBXContainerItemProxy */;
		};
/* End PBXTargetDependency section */

/* Begin PBXVariantGroup section */
		665608951FCF613C00DC7916 /* MainMenu.xib */ = {
			isa = PBXVariantGroup;
			children = (
				665608961FCF613C00DC7916 /* Base */,
			);
			name = MainMenu.xib;
			sourceTree = "<group>";
		};
/* End PBXVariantGroup section */

/* Begin XCBuildConfiguration section */
		665608641FCF5C7000DC7916 /* Debug */ = {
			isa = XCBuildConfiguration;
			buildSettings = {
				ALWAYS_SEARCH_USER_PATHS = NO;
				CLANG_ANALYZER_NONNULL = YES;
				CLANG_ANALYZER_NUMBER_OBJECT_CONVERSION = YES_AGGRESSIVE;
				CLANG_CXX_LANGUAGE_STANDARD = "gnu++14";
				CLANG_CXX_LIBRARY = "libc++";
				CLANG_ENABLE_MODULES = YES;
				CLANG_ENABLE_OBJC_ARC = YES;
				CLANG_WARN_BLOCK_CAPTURE_AUTORELEASING = YES;
				CLANG_WARN_BOOL_CONVERSION = YES;
				CLANG_WARN_COMMA = YES;
				CLANG_WARN_CONSTANT_CONVERSION = YES;
				CLANG_WARN_DIRECT_OBJC_ISA_USAGE = YES_ERROR;
				CLANG_WARN_DOCUMENTATION_COMMENTS = YES;
				CLANG_WARN_EMPTY_BODY = YES;
				CLANG_WARN_ENUM_CONVERSION = YES;
				CLANG_WARN_INFINITE_RECURSION = YES;
				CLANG_WARN_INT_CONVERSION = YES;
				CLANG_WARN_NON_LITERAL_NULL_CONVERSION = YES;
				CLANG_WARN_OBJC_LITERAL_CONVERSION = YES;
				CLANG_WARN_OBJC_ROOT_CLASS = YES_ERROR;
				CLANG_WARN_RANGE_LOOP_ANALYSIS = YES;
				CLANG_WARN_STRICT_PROTOTYPES = YES;
				CLANG_WARN_SUSPICIOUS_MOVE = YES;
				CLANG_WARN_UNGUARDED_AVAILABILITY = YES_AGGRESSIVE;
				CLANG_WARN_UNREACHABLE_CODE = YES;
				CLANG_WARN__DUPLICATE_METHOD_MATCH = YES;
				CODE_SIGN_IDENTITY = "Mac Developer";
				COPY_PHASE_STRIP = NO;
				CURRENT_PROJECT_VERSION = 1;
				DEBUG_INFORMATION_FORMAT = dwarf;
				ENABLE_STRICT_OBJC_MSGSEND = YES;
				ENABLE_TESTABILITY = YES;
				GCC_C_LANGUAGE_STANDARD = gnu11;
				GCC_DYNAMIC_NO_PIC = NO;
				GCC_NO_COMMON_BLOCKS = YES;
				GCC_OPTIMIZATION_LEVEL = 0;
				GCC_PREPROCESSOR_DEFINITIONS = (
					"DEBUG=1",
					"$(inherited)",
				);
				GCC_WARN_64_TO_32_BIT_CONVERSION = YES;
				GCC_WARN_ABOUT_RETURN_TYPE = YES_ERROR;
				GCC_WARN_UNDECLARED_SELECTOR = YES;
				GCC_WARN_UNINITIALIZED_AUTOS = YES_AGGRESSIVE;
				GCC_WARN_UNUSED_FUNCTION = YES;
				GCC_WARN_UNUSED_VARIABLE = YES;
				MACOSX_DEPLOYMENT_TARGET = 10.12;
				MTL_ENABLE_DEBUG_INFO = YES;
				ONLY_ACTIVE_ARCH = YES;
				SDKROOT = macosx;
				VERSIONING_SYSTEM = "apple-generic";
				VERSION_INFO_PREFIX = "";
			};
			name = Debug;
		};
		665608651FCF5C7000DC7916 /* Release */ = {
			isa = XCBuildConfiguration;
			buildSettings = {
				ALWAYS_SEARCH_USER_PATHS = NO;
				CLANG_ANALYZER_NONNULL = YES;
				CLANG_ANALYZER_NUMBER_OBJECT_CONVERSION = YES_AGGRESSIVE;
				CLANG_CXX_LANGUAGE_STANDARD = "gnu++14";
				CLANG_CXX_LIBRARY = "libc++";
				CLANG_ENABLE_MODULES = YES;
				CLANG_ENABLE_OBJC_ARC = YES;
				CLANG_WARN_BLOCK_CAPTURE_AUTORELEASING = YES;
				CLANG_WARN_BOOL_CONVERSION = YES;
				CLANG_WARN_COMMA = YES;
				CLANG_WARN_CONSTANT_CONVERSION = YES;
				CLANG_WARN_DIRECT_OBJC_ISA_USAGE = YES_ERROR;
				CLANG_WARN_DOCUMENTATION_COMMENTS = YES;
				CLANG_WARN_EMPTY_BODY = YES;
				CLANG_WARN_ENUM_CONVERSION = YES;
				CLANG_WARN_INFINITE_RECURSION = YES;
				CLANG_WARN_INT_CONVERSION = YES;
				CLANG_WARN_NON_LITERAL_NULL_CONVERSION = YES;
				CLANG_WARN_OBJC_LITERAL_CONVERSION = YES;
				CLANG_WARN_OBJC_ROOT_CLASS = YES_ERROR;
				CLANG_WARN_RANGE_LOOP_ANALYSIS = YES;
				CLANG_WARN_STRICT_PROTOTYPES = YES;
				CLANG_WARN_SUSPICIOUS_MOVE = YES;
				CLANG_WARN_UNGUARDED_AVAILABILITY = YES_AGGRESSIVE;
				CLANG_WARN_UNREACHABLE_CODE = YES;
				CLANG_WARN__DUPLICATE_METHOD_MATCH = YES;
				CODE_SIGN_IDENTITY = "Mac Developer";
				COPY_PHASE_STRIP = NO;
				CURRENT_PROJECT_VERSION = 1;
				DEBUG_INFORMATION_FORMAT = "dwarf-with-dsym";
				ENABLE_NS_ASSERTIONS = NO;
				ENABLE_STRICT_OBJC_MSGSEND = YES;
				GCC_C_LANGUAGE_STANDARD = gnu11;
				GCC_NO_COMMON_BLOCKS = YES;
				GCC_WARN_64_TO_32_BIT_CONVERSION = YES;
				GCC_WARN_ABOUT_RETURN_TYPE = YES_ERROR;
				GCC_WARN_UNDECLARED_SELECTOR = YES;
				GCC_WARN_UNINITIALIZED_AUTOS = YES_AGGRESSIVE;
				GCC_WARN_UNUSED_FUNCTION = YES;
				GCC_WARN_UNUSED_VARIABLE = YES;
				MACOSX_DEPLOYMENT_TARGET = 10.12;
				MTL_ENABLE_DEBUG_INFO = NO;
				SDKROOT = macosx;
				VERSIONING_SYSTEM = "apple-generic";
				VERSION_INFO_PREFIX = "";
			};
			name = Release;
		};
		665608671FCF5C7000DC7916 /* Debug */ = {
			isa = XCBuildConfiguration;
			buildSettings = {
				CODE_SIGN_IDENTITY = "";
				CODE_SIGN_STYLE = Automatic;
				COMBINE_HIDPI_IMAGES = YES;
				DEFINES_MODULE = YES;
				DEVELOPMENT_TEAM = CMADB5PKU7;
				DYLIB_COMPATIBILITY_VERSION = 1;
				DYLIB_CURRENT_VERSION = 1;
				DYLIB_INSTALL_NAME_BASE = "@rpath";
				FRAMEWORK_VERSION = A;
				INFOPLIST_FILE = Dynosoar/Info.plist;
				INSTALL_PATH = "$(LOCAL_LIBRARY_DIR)/Frameworks";
				LD_RUNPATH_SEARCH_PATHS = "$(inherited) @executable_path/../Frameworks @loader_path/Frameworks";
				PRODUCT_BUNDLE_IDENTIFIER = com.baileyseymour.Dynosoar;
				PRODUCT_NAME = "$(TARGET_NAME:c99extidentifier)";
				SKIP_INSTALL = YES;
			};
			name = Debug;
		};
		665608681FCF5C7000DC7916 /* Release */ = {
			isa = XCBuildConfiguration;
			buildSettings = {
				CODE_SIGN_IDENTITY = "";
				CODE_SIGN_STYLE = Automatic;
				COMBINE_HIDPI_IMAGES = YES;
				DEFINES_MODULE = YES;
				DEVELOPMENT_TEAM = CMADB5PKU7;
				DYLIB_COMPATIBILITY_VERSION = 1;
				DYLIB_CURRENT_VERSION = 1;
				DYLIB_INSTALL_NAME_BASE = "@rpath";
				FRAMEWORK_VERSION = A;
				INFOPLIST_FILE = Dynosoar/Info.plist;
				INSTALL_PATH = "$(LOCAL_LIBRARY_DIR)/Frameworks";
				LD_RUNPATH_SEARCH_PATHS = "$(inherited) @executable_path/../Frameworks @loader_path/Frameworks";
				PRODUCT_BUNDLE_IDENTIFIER = com.baileyseymour.Dynosoar;
				PRODUCT_NAME = "$(TARGET_NAME:c99extidentifier)";
				SKIP_INSTALL = YES;
			};
			name = Release;
		};
		665608801FCF5F3600DC7916 /* Debug */ = {
			isa = XCBuildConfiguration;
			buildSettings = {
				CLANG_ENABLE_OBJC_ARC = NO;
				CODE_SIGN_IDENTITY = "";
				CODE_SIGN_STYLE = Automatic;
				COMBINE_HIDPI_IMAGES = YES;
				DEFINES_MODULE = YES;
				DEVELOPMENT_TEAM = CMADB5PKU7;
				DYLIB_COMPATIBILITY_VERSION = 1;
				DYLIB_CURRENT_VERSION = 1;
				DYLIB_INSTALL_NAME_BASE = "@rpath";
				FRAMEWORK_VERSION = A;
				GCC_USE_STANDARD_INCLUDE_SEARCHING = YES;
				INFOPLIST_FILE = JavaScriptNativeRuntime/Info.plist;
				INSTALL_PATH = "$(LOCAL_LIBRARY_DIR)/Frameworks";
				LD_RUNPATH_SEARCH_PATHS = "$(inherited) @executable_path/../Frameworks @loader_path/Frameworks";
				PRODUCT_BUNDLE_IDENTIFIER = com.baileyseymour.JavaScriptNativeRuntime;
				PRODUCT_NAME = "$(TARGET_NAME:c99extidentifier)";
				SKIP_INSTALL = YES;
				SYSTEM_HEADER_SEARCH_PATHS = "";
			};
			name = Debug;
		};
		665608811FCF5F3600DC7916 /* Release */ = {
			isa = XCBuildConfiguration;
			buildSettings = {
				CLANG_ENABLE_OBJC_ARC = NO;
				CODE_SIGN_IDENTITY = "";
				CODE_SIGN_STYLE = Automatic;
				COMBINE_HIDPI_IMAGES = YES;
				DEFINES_MODULE = YES;
				DEVELOPMENT_TEAM = CMADB5PKU7;
				DYLIB_COMPATIBILITY_VERSION = 1;
				DYLIB_CURRENT_VERSION = 1;
				DYLIB_INSTALL_NAME_BASE = "@rpath";
				FRAMEWORK_VERSION = A;
				GCC_USE_STANDARD_INCLUDE_SEARCHING = YES;
				INFOPLIST_FILE = JavaScriptNativeRuntime/Info.plist;
				INSTALL_PATH = "$(LOCAL_LIBRARY_DIR)/Frameworks";
				LD_RUNPATH_SEARCH_PATHS = "$(inherited) @executable_path/../Frameworks @loader_path/Frameworks";
				PRODUCT_BUNDLE_IDENTIFIER = com.baileyseymour.JavaScriptNativeRuntime;
				PRODUCT_NAME = "$(TARGET_NAME:c99extidentifier)";
				SKIP_INSTALL = YES;
				SYSTEM_HEADER_SEARCH_PATHS = "";
			};
			name = Release;
		};
		6656089D1FCF613C00DC7916 /* Debug */ = {
			isa = XCBuildConfiguration;
			buildSettings = {
				ASSETCATALOG_COMPILER_APPICON_NAME = AppIcon;
				CODE_SIGN_STYLE = Automatic;
				COMBINE_HIDPI_IMAGES = YES;
				DEVELOPMENT_TEAM = CMADB5PKU7;
				INFOPLIST_FILE = JSNRExample/Info.plist;
				LD_RUNPATH_SEARCH_PATHS = "$(inherited) @executable_path/../Frameworks";
				PRODUCT_BUNDLE_IDENTIFIER = com.baileyseymour.JSNRExample;
				PRODUCT_NAME = "$(TARGET_NAME)";
			};
			name = Debug;
		};
		6656089E1FCF613C00DC7916 /* Release */ = {
			isa = XCBuildConfiguration;
			buildSettings = {
				ASSETCATALOG_COMPILER_APPICON_NAME = AppIcon;
				CODE_SIGN_STYLE = Automatic;
				COMBINE_HIDPI_IMAGES = YES;
				DEVELOPMENT_TEAM = CMADB5PKU7;
				INFOPLIST_FILE = JSNRExample/Info.plist;
				LD_RUNPATH_SEARCH_PATHS = "$(inherited) @executable_path/../Frameworks";
				PRODUCT_BUNDLE_IDENTIFIER = com.baileyseymour.JSNRExample;
				PRODUCT_NAME = "$(TARGET_NAME)";
			};
			name = Release;
		};
/* End XCBuildConfiguration section */

/* Begin XCConfigurationList section */
		665608581FCF5C7000DC7916 /* Build configuration list for PBXProject "Dynosoar" */ = {
			isa = XCConfigurationList;
			buildConfigurations = (
				665608641FCF5C7000DC7916 /* Debug */,
				665608651FCF5C7000DC7916 /* Release */,
			);
			defaultConfigurationIsVisible = 0;
			defaultConfigurationName = Release;
		};
		665608661FCF5C7000DC7916 /* Build configuration list for PBXNativeTarget "Dynosoar" */ = {
			isa = XCConfigurationList;
			buildConfigurations = (
				665608671FCF5C7000DC7916 /* Debug */,
				665608681FCF5C7000DC7916 /* Release */,
			);
			defaultConfigurationIsVisible = 0;
			defaultConfigurationName = Release;
		};
		6656087F1FCF5F3600DC7916 /* Build configuration list for PBXNativeTarget "JavaScriptNativeRuntime" */ = {
			isa = XCConfigurationList;
			buildConfigurations = (
				665608801FCF5F3600DC7916 /* Debug */,
				665608811FCF5F3600DC7916 /* Release */,
			);
			defaultConfigurationIsVisible = 0;
			defaultConfigurationName = Release;
		};
		6656089C1FCF613C00DC7916 /* Build configuration list for PBXNativeTarget "JSNRExample" */ = {
			isa = XCConfigurationList;
			buildConfigurations = (
				6656089D1FCF613C00DC7916 /* Debug */,
				6656089E1FCF613C00DC7916 /* Release */,
			);
			defaultConfigurationIsVisible = 0;
			defaultConfigurationName = Release;
		};
/* End XCConfigurationList section */
	};
	rootObject = 665608551FCF5C7000DC7916 /* Project object */;
}
